{
  "version": "5",
  "specifiers": {
    "jsr:@gadicc/fetch-mock-cache@^2.2.0": "2.2.0",
    "jsr:@std/assert@1": "1.0.14",
    "jsr:@std/assert@^1.0.13": "1.0.14",
    "jsr:@std/assert@^1.0.14": "1.0.14",
    "jsr:@std/data-structures@^1.0.9": "1.0.9",
    "jsr:@std/expect@^1.0.17": "1.0.17",
    "jsr:@std/fs@^1.0.19": "1.0.19",
    "jsr:@std/internal@^1.0.10": "1.0.10",
    "jsr:@std/path@1": "1.1.2",
    "jsr:@std/path@^1.1.1": "1.1.2",
    "jsr:@std/testing@^1.0.15": "1.0.15",
    "npm:debug@^4.3.4": "4.4.3",
    "npm:filenamify-url@^2.1.2": "2.1.2"
  },
  "jsr": {
    "@gadicc/fetch-mock-cache@2.2.0": {
      "integrity": "d884a59674dd21db50cd6bf794f711288980c67a4350424559ba0834e26875d7",
      "dependencies": [
        "jsr:@std/path@1",
        "npm:debug",
        "npm:filenamify-url"
      ]
    },
    "@std/assert@1.0.14": {
      "integrity": "68d0d4a43b365abc927f45a9b85c639ea18a9fab96ad92281e493e4ed84abaa4",
      "dependencies": [
        "jsr:@std/internal"
      ]
    },
    "@std/data-structures@1.0.9": {
      "integrity": "033d6e17e64bf1f84a614e647c1b015fa2576ae3312305821e1a4cb20674bb4d"
    },
    "@std/expect@1.0.17": {
      "integrity": "316b47dd65c33e3151344eb3267bf42efba17d1415425f07ed96185d67fc04d9",
      "dependencies": [
        "jsr:@std/assert@^1.0.14",
        "jsr:@std/internal"
      ]
    },
    "@std/fs@1.0.19": {
      "integrity": "051968c2b1eae4d2ea9f79a08a3845740ef6af10356aff43d3e2ef11ed09fb06",
      "dependencies": [
        "jsr:@std/path@^1.1.1"
      ]
    },
    "@std/internal@1.0.10": {
      "integrity": "e3be62ce42cab0e177c27698e5d9800122f67b766a0bea6ca4867886cbde8cf7"
    },
    "@std/path@1.1.2": {
      "integrity": "c0b13b97dfe06546d5e16bf3966b1cadf92e1cc83e56ba5476ad8b498d9e3038",
      "dependencies": [
        "jsr:@std/internal"
      ]
    },
    "@std/testing@1.0.15": {
      "integrity": "a490169f5ccb0f3ae9c94fbc69d2cd43603f2cffb41713a85f99bbb0e3087cbc",
      "dependencies": [
        "jsr:@std/assert@^1.0.13",
        "jsr:@std/data-structures",
        "jsr:@std/fs",
        "jsr:@std/internal",
        "jsr:@std/path@^1.1.1"
      ]
    }
  },
  "npm": {
    "debug@4.4.3": {
      "integrity": "sha512-RGwwWnwQvkVfavKVt22FGLw+xYSdzARwm0ru6DhTVA3umU5hZc28V3kO4stgYryrTlLpuvgI9GiijltAjNbcqA==",
      "dependencies": [
        "ms"
      ]
    },
    "escape-string-regexp@1.0.5": {
      "integrity": "sha512-vbRorB5FUQWvla16U8R/qgaFIya2qGzwDrNmCZuYKrbdSUMG6I1ZCGQRefkRVhuOkIGVne7BQ35DSfo1qvJqFg=="
    },
    "filename-reserved-regex@2.0.0": {
      "integrity": "sha512-lc1bnsSr4L4Bdif8Xb/qrtokGbq5zlsms/CYH8PP+WtCkGNF65DPiQY8vG3SakEdRn8Dlnm+gW/qWKKjS5sZzQ=="
    },
    "filenamify-url@2.1.2": {
      "integrity": "sha512-3rMbAr7vDNMOGsj1aMniQFl749QjgM+lMJ/77ZRSPTIgxvolZwoQbn8dXLs7xfd+hAdli+oTnSWZNkJJLWQFEQ==",
      "dependencies": [
        "filenamify",
        "humanize-url"
      ]
    },
    "filenamify@4.3.0": {
      "integrity": "sha512-hcFKyUG57yWGAzu1CMt/dPzYZuv+jAJUT85bL8mrXvNe6hWj6yEHEc4EdcgiA6Z3oi1/9wXJdZPXF2dZNgwgOg==",
      "dependencies": [
        "filename-reserved-regex",
        "strip-outer",
        "trim-repeated"
      ]
    },
    "humanize-url@2.1.1": {
      "integrity": "sha512-V4nxsPGNE7mPjr1qDp471YfW8nhBiTRWrG/4usZlpvFU8I7gsV7Jvrrzv/snbLm5dWO3dr1ennu2YqnhTWFmYA==",
      "dependencies": [
        "normalize-url"
      ]
    },
    "ms@2.1.3": {
      "integrity": "sha512-6FlzubTLZG3J2a/NVCAleEhjzq5oxgHyaCU9yYXvcLsvoVaHJq/s5xXI6/XXP6tz7R9xAOtHnSO/tXtF3WRTlA=="
    },
    "normalize-url@4.5.1": {
      "integrity": "sha512-9UZCFRHQdNrfTpGg8+1INIg93B6zE0aXMVFkw1WFwvO4SlZywU6aLg5Of0Ap/PgcbSw4LNxvMWXMeugwMCX0AA=="
    },
    "strip-outer@1.0.1": {
      "integrity": "sha512-k55yxKHwaXnpYGsOzg4Vl8+tDrWylxDEpknGjhTiZB8dFRU5rTo9CAzeycivxV3s+zlTKwrs6WxMxR95n26kwg==",
      "dependencies": [
        "escape-string-regexp"
      ]
    },
    "trim-repeated@1.0.0": {
      "integrity": "sha512-pkonvlKk8/ZuR0D5tLW8ljt5I8kmxp2XKymhepUeOdCEfKpZaktSArkLHZt76OB1ZvO9bssUsDty4SWhLvZpLg==",
      "dependencies": [
        "escape-string-regexp"
      ]
    }
  },
  "workspace": {
    "dependencies": [
      "jsr:@gadicc/fetch-mock-cache@^2.2.0",
      "jsr:@std/assert@1",
      "jsr:@std/expect@^1.0.17",
      "jsr:@std/testing@^1.0.15"
    ]
  }
}
